
Microsoft Visual Studio Solution File, Format Version 12.00
# Visual Studio Version 17
VisualStudioVersion = 17.6.33717.318
MinimumVisualStudioVersion = 10.0.40219.1
Project("{FAE04EC0-301F-11D3-BF4B-00C04F79EFBC}") = "AccelByte.PluginArch.ItemRotation.Demo.Server", "AccelByte.PluginArch.ItemRotation.Demo.Server\AccelByte.PluginArch.ItemRotation.Demo.Server.csproj", "{571A5F6D-0464-4B4C-AC28-C9249EC6A415}"
EndProject
Project("{FAE04EC0-301F-11D3-BF4B-00C04F79EFBC}") = "AccelByte.PluginArch.ItemRotation.Demo.Tests", "AccelByte.PluginArch.ItemRotation.Demo.Tests\AccelByte.PluginArch.ItemRotation.Demo.Tests.csproj", "{A615A4DB-FC16-4924-959B-86C029F83E7F}"
EndProject
Global
	GlobalSection(SolutionConfigurationPlatforms) = preSolution
		Debug|Any CPU = Debug|Any CPU
		Release|Any CPU = Release|Any CPU
	EndGlobalSection
	GlobalSection(ProjectConfigurationPlatforms) = postSolution
		{571A5F6D-0464-4B4C-AC28-C9249EC6A415}.Debug|Any CPU.ActiveCfg = Debug|Any CPU
		{571A5F6D-0464-4B4C-AC28-C9249EC6A415}.Debug|Any CPU.Build.0 = Debug|Any CPU
		{571A5F6D-0464-4B4C-AC28-C9249EC6A415}.Release|Any CPU.ActiveCfg = Release|Any CPU
		{571A5F6D-0464-4B4C-AC28-C9249EC6A415}.Release|Any CPU.Build.0 = Release|Any CPU
		{A615A4DB-FC16-4924-959B-86C029F83E7F}.Debug|Any CPU.ActiveCfg = Debug|Any CPU
		{A615A4DB-FC16-4924-959B-86C029F83E7F}.Debug|Any CPU.Build.0 = Debug|Any CPU
		{A615A4DB-FC16-4924-959B-86C029F83E7F}.Release|Any CPU.ActiveCfg = Release|Any CPU
		{A615A4DB-FC16-4924-959B-86C029F83E7F}.Release|Any CPU.Build.0 = Release|Any CPU
		{AA23408A-02FF-4A67-8813-F5BB4A91131F}.Debug|Any CPU.ActiveCfg = Debug|Any CPU
		{AA23408A-02FF-4A67-8813-F5BB4A91131F}.Debug|Any CPU.Build.0 = Debug|Any CPU
		{AA23408A-02FF-4A67-8813-F5BB4A91131F}.Release|Any CPU.ActiveCfg = Release|Any CPU
		{AA23408A-02FF-4A67-8813-F5BB4A91131F}.Release|Any CPU.Build.0 = Release|Any CPU
	EndGlobalSection
	GlobalSection(SolutionProperties) = preSolution
		HideSolutionNode = FALSE
	EndGlobalSection
	GlobalSection(ExtensibilityGlobals) = postSolution
		SolutionGuid = {A0E2D287-0C3E-4AE5-9857-C7F667F2FF1F}
	EndGlobalSection
EndGlobal
